
Microsoft Visual Studio Solution File, Format Version 12.00
# Visual Studio 15
VisualStudioVersion = 15.0.26730.10
MinimumVisualStudioVersion = 10.0.40219.1
Project("{FAE04EC0-301F-11D3-BF4B-00C04F79EFBC}") = "Lab29George", "Lab29George\Lab29George.csproj", "{3C67EF3F-2598-4CED-8BA2-8C1CE643472E}"
EndProject
Global
	GlobalSection(SolutionConfigurationPlatforms) = preSolution
		Debug|Any CPU = Debug|Any CPU
		Release|Any CPU = Release|Any CPU
	EndGlobalSection
	GlobalSection(ProjectConfigurationPlatforms) = postSolution
		{3C67EF3F-2598-4CED-8BA2-8C1CE643472E}.Debug|Any CPU.ActiveCfg = Debug|Any CPU
		{3C67EF3F-2598-4CED-8BA2-8C1CE643472E}.Debug|Any CPU.Build.0 = Debug|Any CPU
		{3C67EF3F-2598-4CED-8BA2-8C1CE643472E}.Release|Any CPU.ActiveCfg = Release|Any CPU
		{3C67EF3F-2598-4CED-8BA2-8C1CE643472E}.Release|Any CPU.Build.0 = Release|Any CPU
	EndGlobalSection
	GlobalSection(SolutionProperties) = preSolution
		HideSolutionNode = FALSE
	EndGlobalSection
	GlobalSection(ExtensibilityGlobals) = postSolution
		SolutionGuid = {35F8C7C8-4B65-4EB0-930F-242CF472D768}
	EndGlobalSection
EndGlobal
